
Microsoft Visual Studio Solution File, Format Version 12.00
# Visual Studio Version 17
VisualStudioVersion = 17.13.35825.156 d17.13
MinimumVisualStudioVersion = 10.0.40219.1
Project("{FAE04EC0-301F-11D3-BF4B-00C04F79EFBC}") = "UltimateSelect", "UltimateSelect.csproj", "{0B1FAA32-D863-44DE-B1A9-F2C2BC7FA247}"
EndProject
Global
	GlobalSection(SolutionConfigurationPlatforms) = preSolution
		Debug|Any CPU = Debug|Any CPU
		Release|Any CPU = Release|Any CPU
	EndGlobalSection
	GlobalSection(ProjectConfigurationPlatforms) = postSolution
		{0B1FAA32-D863-44DE-B1A9-F2C2BC7FA247}.Debug|Any CPU.ActiveCfg = Debug|Any CPU
		{0B1FAA32-D863-44DE-B1A9-F2C2BC7FA247}.Debug|Any CPU.Build.0 = Debug|Any CPU
		{0B1FAA32-D863-44DE-B1A9-F2C2BC7FA247}.Release|Any CPU.ActiveCfg = Release|Any CPU
		{0B1FAA32-D863-44DE-B1A9-F2C2BC7FA247}.Release|Any CPU.Build.0 = Release|Any CPU
	EndGlobalSection
	GlobalSection(SolutionProperties) = preSolution
		HideSolutionNode = FALSE
	EndGlobalSection
	GlobalSection(ExtensibilityGlobals) = postSolution
		SolutionGuid = {EB486F5D-5E6E-4BF6-88C6-076FB63ADE8A}
	EndGlobalSection
EndGlobal
